
Microsoft Visual Studio Solution File, Format Version 12.00
# Visual Studio Version 16
VisualStudioVersion = 16.0.31829.152
MinimumVisualStudioVersion = 10.0.40219.1
Project("{2150E333-8FDC-42A3-9474-1A3956D46DE8}") = "Src", "Src", "{ED53EEBB-F168-46D2-A704-F3DF5BC155C5}"
EndProject
Project("{2150E333-8FDC-42A3-9474-1A3956D46DE8}") = "Core", "Core", "{79F9130C-ED62-45A3-83EB-7C406D3939FF}"
EndProject
Project("{9A19103F-16F7-4668-BE54-9A1E7A4F7556}") = "Domain", "Domain\Domain.csproj", "{8A093AA4-FE04-437C-A00F-E92AE258840A}"
EndProject
Project("{9A19103F-16F7-4668-BE54-9A1E7A4F7556}") = "Application", "Application\Application.csproj", "{AE9003F6-E881-402E-A1F3-6AC51C567FB1}"
EndProject
Project("{2150E333-8FDC-42A3-9474-1A3956D46DE8}") = "PresentAtion", "PresentAtion", "{F7DFF429-0F2E-490A-A55F-99A127E27CEF}"
EndProject
Project("{2150E333-8FDC-42A3-9474-1A3956D46DE8}") = "Infrastructures", "Infrastructures", "{EDB1D095-5E1F-4FC0-8F38-DEF505C62FC7}"
EndProject
Project("{9A19103F-16F7-4668-BE54-9A1E7A4F7556}") = "Infrastructure", "Infrastructure\Infrastructure.csproj", "{10F2699A-580F-4AAD-9504-6E94B58EC80F}"
EndProject
Project("{9A19103F-16F7-4668-BE54-9A1E7A4F7556}") = "Persistence", "Persistence\Persistence.csproj", "{C5594F86-87CD-4BF5-AC1A-49B65CA9EB01}"
EndProject
Project("{9A19103F-16F7-4668-BE54-9A1E7A4F7556}") = "Website.Endpoint", "Website.Endpoint\Website.Endpoint.csproj", "{6DD6DC68-8EB9-46C2-8741-F198D046E0C8}"
EndProject
Project("{9A19103F-16F7-4668-BE54-9A1E7A4F7556}") = "Admin.EndPoint", "Admin.EndPoint\Admin.EndPoint.csproj", "{ED362761-A36F-4E7C-BE0D-47D6DBB623A8}"
EndProject
Global
	GlobalSection(SolutionConfigurationPlatforms) = preSolution
		Debug|Any CPU = Debug|Any CPU
		Release|Any CPU = Release|Any CPU
	EndGlobalSection
	GlobalSection(ProjectConfigurationPlatforms) = postSolution
		{8A093AA4-FE04-437C-A00F-E92AE258840A}.Debug|Any CPU.ActiveCfg = Debug|Any CPU
		{8A093AA4-FE04-437C-A00F-E92AE258840A}.Debug|Any CPU.Build.0 = Debug|Any CPU
		{8A093AA4-FE04-437C-A00F-E92AE258840A}.Release|Any CPU.ActiveCfg = Release|Any CPU
		{8A093AA4-FE04-437C-A00F-E92AE258840A}.Release|Any CPU.Build.0 = Release|Any CPU
		{AE9003F6-E881-402E-A1F3-6AC51C567FB1}.Debug|Any CPU.ActiveCfg = Debug|Any CPU
		{AE9003F6-E881-402E-A1F3-6AC51C567FB1}.Debug|Any CPU.Build.0 = Debug|Any CPU
		{AE9003F6-E881-402E-A1F3-6AC51C567FB1}.Release|Any CPU.ActiveCfg = Release|Any CPU
		{AE9003F6-E881-402E-A1F3-6AC51C567FB1}.Release|Any CPU.Build.0 = Release|Any CPU
		{10F2699A-580F-4AAD-9504-6E94B58EC80F}.Debug|Any CPU.ActiveCfg = Debug|Any CPU
		{10F2699A-580F-4AAD-9504-6E94B58EC80F}.Debug|Any CPU.Build.0 = Debug|Any CPU
		{10F2699A-580F-4AAD-9504-6E94B58EC80F}.Release|Any CPU.ActiveCfg = Release|Any CPU
		{10F2699A-580F-4AAD-9504-6E94B58EC80F}.Release|Any CPU.Build.0 = Release|Any CPU
		{C5594F86-87CD-4BF5-AC1A-49B65CA9EB01}.Debug|Any CPU.ActiveCfg = Debug|Any CPU
		{C5594F86-87CD-4BF5-AC1A-49B65CA9EB01}.Debug|Any CPU.Build.0 = Debug|Any CPU
		{C5594F86-87CD-4BF5-AC1A-49B65CA9EB01}.Release|Any CPU.ActiveCfg = Release|Any CPU
		{C5594F86-87CD-4BF5-AC1A-49B65CA9EB01}.Release|Any CPU.Build.0 = Release|Any CPU
		{6DD6DC68-8EB9-46C2-8741-F198D046E0C8}.Debug|Any CPU.ActiveCfg = Debug|Any CPU
		{6DD6DC68-8EB9-46C2-8741-F198D046E0C8}.Debug|Any CPU.Build.0 = Debug|Any CPU
		{6DD6DC68-8EB9-46C2-8741-F198D046E0C8}.Release|Any CPU.ActiveCfg = Release|Any CPU
		{6DD6DC68-8EB9-46C2-8741-F198D046E0C8}.Release|Any CPU.Build.0 = Release|Any CPU
		{ED362761-A36F-4E7C-BE0D-47D6DBB623A8}.Debug|Any CPU.ActiveCfg = Debug|Any CPU
		{ED362761-A36F-4E7C-BE0D-47D6DBB623A8}.Debug|Any CPU.Build.0 = Debug|Any CPU
		{ED362761-A36F-4E7C-BE0D-47D6DBB623A8}.Release|Any CPU.ActiveCfg = Release|Any CPU
		{ED362761-A36F-4E7C-BE0D-47D6DBB623A8}.Release|Any CPU.Build.0 = Release|Any CPU
	EndGlobalSection
	GlobalSection(SolutionProperties) = preSolution
		HideSolutionNode = FALSE
	EndGlobalSection
	GlobalSection(NestedProjects) = preSolution
		{79F9130C-ED62-45A3-83EB-7C406D3939FF} = {ED53EEBB-F168-46D2-A704-F3DF5BC155C5}
		{8A093AA4-FE04-437C-A00F-E92AE258840A} = {79F9130C-ED62-45A3-83EB-7C406D3939FF}
		{AE9003F6-E881-402E-A1F3-6AC51C567FB1} = {79F9130C-ED62-45A3-83EB-7C406D3939FF}
		{F7DFF429-0F2E-490A-A55F-99A127E27CEF} = {ED53EEBB-F168-46D2-A704-F3DF5BC155C5}
		{EDB1D095-5E1F-4FC0-8F38-DEF505C62FC7} = {ED53EEBB-F168-46D2-A704-F3DF5BC155C5}
		{10F2699A-580F-4AAD-9504-6E94B58EC80F} = {EDB1D095-5E1F-4FC0-8F38-DEF505C62FC7}
		{C5594F86-87CD-4BF5-AC1A-49B65CA9EB01} = {EDB1D095-5E1F-4FC0-8F38-DEF505C62FC7}
		{6DD6DC68-8EB9-46C2-8741-F198D046E0C8} = {F7DFF429-0F2E-490A-A55F-99A127E27CEF}
		{ED362761-A36F-4E7C-BE0D-47D6DBB623A8} = {F7DFF429-0F2E-490A-A55F-99A127E27CEF}
	EndGlobalSection
	GlobalSection(ExtensibilityGlobals) = postSolution
		SolutionGuid = {3F874121-23C9-4E75-AA86-5FA589531452}
	EndGlobalSection
EndGlobal
